{
    "_readme": [
        "This file locks the dependencies of your project to a known state",
        "Read more about it at https://getcomposer.org/doc/01-basic-usage.md#composer-lock-the-lock-file",
        "This file is @generated automatically"
    ],
    "content-hash": "4cb5d595ac3246edaddfb67972c4a4db",
    "packages": [
        {
            "name": "deviscoding/base",
            "version": "2.0.2",
            "source": {
                "type": "git",
                "url": "https://github.com/deviscoding/base.git",
                "reference": "422e043118fe98cef847f34a0b57c1f65f8c7fff"
            },
            "dist": {
                "type": "zip",
                "url": "https://api.github.com/repos/deviscoding/base/zipball/422e043118fe98cef847f34a0b57c1f65f8c7fff",
                "reference": "422e043118fe98cef847f34a0b57c1f65f8c7fff",
                "shasum": ""
            },
            "replace": {
                "strapless/base": "^2.0"
            },
            "type": "library",
            "notification-url": "https://packagist.org/downloads/",
            "license": [
                "MIT"
            ],
            "authors": [
                {
                    "name": "Aaron M Jones",
                    "homepage": "http://www.jonesiscoding.com"
                }
            ],
            "description": "SASS Functions & mixins for managing variables within various SASS components.",
            "homepage": "https://www.github.com/deviscoding/base",
            "keywords": [
                "css",
                "maps",
                "sass",
                "scss",
                "strapless",
                "variables"
            ],
            "time": "2018-05-24T12:28:48+00:00"
        },
        {
            "name": "deviscoding/colors",
            "version": "1.0.9",
            "source": {
                "type": "git",
                "url": "https://github.com/deviscoding/colors.git",
                "reference": "dd4a6ee5aab611b0f4e7e2d1f8c481caa1203e39"
            },
            "dist": {
                "type": "zip",
                "url": "https://api.github.com/repos/deviscoding/colors/zipball/dd4a6ee5aab611b0f4e7e2d1f8c481caa1203e39",
                "reference": "dd4a6ee5aab611b0f4e7e2d1f8c481caa1203e39",
                "shasum": ""
            },
            "replace": {
                "strapless/colors": "^1.0"
            },
            "type": "library",
            "notification-url": "https://packagist.org/downloads/",
            "license": [
                "MIT"
            ],
            "authors": [
                {
                    "name": "Aaron M Jones",
                    "homepage": "http://www.jonesiscoding.com"
                }
            ],
            "description": "SASS color functions, maps and CSS used in DevIsCoding components.  Can also be used quite effectively in any SASS where one desires an easy way to manage colors.",
            "homepage": "https://www.github.com/deviscoding/colors",
            "keywords": [
                "color",
                "map",
                "sass",
                "scss",
                "strapless"
            ],
            "time": "2018-05-23T15:47:48+00:00"
        },
        {
            "name": "deviscoding/device",
            "version": "3.0.3",
            "source": {
                "type": "git",
                "url": "https://github.com/jonesiscoding/device.git",
                "reference": "13c906e6307ad68a53c9cfb978f62445297db65c"
            },
            "dist": {
                "type": "zip",
                "url": "https://api.github.com/repos/jonesiscoding/device/zipball/13c906e6307ad68a53c9cfb978f62445297db65c",
                "reference": "13c906e6307ad68a53c9cfb978f62445297db65c",
                "shasum": ""
            },
            "replace": {
                "exactquery/xq-detect": "^3.0"
            },
            "suggest": {
                "deviscoding/poly-pointer": "Psuedo-Polyfill for (pointer:coarse). Easy support of touch devices."
            },
            "type": "library",
            "autoload": {
                "psr-4": {
                    "XQ\\": "src"
                }
            },
            "notification-url": "https://packagist.org/downloads/",
            "license": [
                "MIT"
            ],
            "authors": [
                {
                    "name": "AMJones",
                    "homepage": "http://www.deviscoding.com"
                }
            ],
            "description": "Device feature detection via Vanilla JS with a PHP backup for server side detection.",
            "homepage": "https://github.com/jonesiscoding/device",
            "keywords": [
                "browser",
                "detection",
                "device",
                "feature",
                "hidpi",
                "javascript",
                "php",
                "retina",
                "touch"
            ],
            "time": "2018-05-08T14:13:02+00:00"
        },
        {
            "name": "deviscoding/display",
            "version": "1.0.8",
            "source": {
                "type": "git",
                "url": "https://github.com/deviscoding/display.git",
                "reference": "2342ef750baa5dcd36b0cf34173371d13439b8fa"
            },
            "dist": {
                "type": "zip",
                "url": "https://api.github.com/repos/deviscoding/display/zipball/2342ef750baa5dcd36b0cf34173371d13439b8fa",
                "reference": "2342ef750baa5dcd36b0cf34173371d13439b8fa",
                "shasum": ""
            },
            "require": {
                "deviscoding/responsive": "^1.0"
            },
            "replace": {
                "strapless/display": "^1.0"
            },
            "suggest": {
                "deviscoding/device": "^3.0"
            },
            "type": "library",
            "notification-url": "https://packagist.org/downloads/",
            "license": [
                "MIT"
            ],
            "authors": [
                {
                    "name": "Aaron M Jones",
                    "homepage": "http://www.jonesiscoding.com"
                }
            ],
            "description": "Responsive classes for managing CSS display properties.",
            "homepage": "https://www.github.com/deviscoding/display",
            "keywords": [
                "css",
                "display",
                "responsive",
                "sass",
                "scss",
                "strapless"
            ],
            "time": "2018-06-20T14:06:08+00:00"
        },
        {
            "name": "deviscoding/flexbox",
            "version": "1.1.2",
            "source": {
                "type": "git",
                "url": "https://github.com/deviscoding/flexbox.git",
                "reference": "cac5a71dfbb62a7905d69b7ba8b55b3c2c93d749"
            },
            "dist": {
                "type": "zip",
                "url": "https://api.github.com/repos/deviscoding/flexbox/zipball/cac5a71dfbb62a7905d69b7ba8b55b3c2c93d749",
                "reference": "cac5a71dfbb62a7905d69b7ba8b55b3c2c93d749",
                "shasum": ""
            },
            "require": {
                "deviscoding/base": "^2.0",
                "deviscoding/responsive": "^1.0"
            },
            "replace": {
                "strapless/flexbox": "^1.0"
            },
            "type": "library",
            "notification-url": "https://packagist.org/downloads/",
            "license": [
                "MIT"
            ],
            "authors": [
                {
                    "name": "Aaron M Jones",
                    "homepage": "http://www.jonesiscoding.com"
                }
            ],
            "description": "CSS Utility classes for easily utilizing flexbox.  Inspired by Bootstrap 4, but usable as a standalone component.",
            "homepage": "https://www.github.com/deviscoding/flexbox",
            "keywords": [
                "css",
                "flexbox",
                "responsive",
                "sass",
                "scss",
                "strapless"
            ],
            "time": "2018-06-22T13:38:20+00:00"
        },
        {
            "name": "deviscoding/grid",
            "version": "1.0.7",
            "source": {
                "type": "git",
                "url": "https://github.com/deviscoding/grid.git",
                "reference": "77f7b330289cd0127840113771988ed8b46fc4aa"
            },
            "dist": {
                "type": "zip",
                "url": "https://api.github.com/repos/deviscoding/grid/zipball/77f7b330289cd0127840113771988ed8b46fc4aa",
                "reference": "77f7b330289cd0127840113771988ed8b46fc4aa",
                "shasum": ""
            },
            "require": {
                "deviscoding/base": "^2.0",
                "deviscoding/responsive": "^1.0"
            },
            "replace": {
                "strapless/grid": "^1.0"
            },
            "type": "library",
            "notification-url": "https://packagist.org/downloads/",
            "license": [
                "MIT"
            ],
            "authors": [
                {
                    "name": "Aaron M Jones",
                    "homepage": "http://www.jonesiscoding.com"
                }
            ],
            "description": "Responsive grid classes utilizing CSS flexbox. Part of StrapLess framework, but usable as a standalone component.",
            "homepage": "https://www.github.com/deviscoding/grid",
            "keywords": [
                "container",
                "css",
                "deviscoding",
                "grid",
                "responsive",
                "sass",
                "scss",
                "strapless"
            ],
            "time": "2018-06-22T13:44:06+00:00"
        },
        {
            "name": "deviscoding/responsive",
            "version": "1.0.5",
            "source": {
                "type": "git",
                "url": "https://github.com/deviscoding/responsive.git",
                "reference": "ec64ef31ac68423474d2201a3f32dea2e4555ef6"
            },
            "dist": {
                "type": "zip",
                "url": "https://api.github.com/repos/deviscoding/responsive/zipball/ec64ef31ac68423474d2201a3f32dea2e4555ef6",
                "reference": "ec64ef31ac68423474d2201a3f32dea2e4555ef6",
                "shasum": ""
            },
            "require": {
                "deviscoding/base": "^2.0",
                "deviscoding/device": "^3.0"
            },
            "type": "library",
            "notification-url": "https://packagist.org/downloads/",
            "license": [
                "MIT"
            ],
            "authors": [
                {
                    "name": "Aaron M Jones",
                    "homepage": "http://www.jonesiscoding.com"
                }
            ],
            "description": "SASS utilities for responsive web design.",
            "homepage": "https://www.github.com/deviscoding/responsive",
            "keywords": [
                "responsive",
                "rwd",
                "sass",
                "scss",
                "strapless"
            ],
            "time": "2018-06-20T13:09:01+00:00"
        }
    ],
    "packages-dev": [],
    "aliases": [],
    "minimum-stability": "stable",
    "stability-flags": [],
    "prefer-stable": false,
    "prefer-lowest": false,
    "platform": [],
    "platform-dev": []
}
